
Microsoft Visual Studio Solution File, Format Version 12.00
# Visual Studio Version 16
VisualStudioVersion = 16.0.30330.147
MinimumVisualStudioVersion = 10.0.40219.1
Project("{FAE04EC0-301F-11D3-BF4B-00C04F79EFBC}") = "XamarinSqlite.Android", "XamarinSqlite\XamarinSqlite.Android\XamarinSqlite.Android.csproj", "{8ED641A7-F396-4295-B9BF-5AF3A676534C}"
EndProject
Project("{FAE04EC0-301F-11D3-BF4B-00C04F79EFBC}") = "XamarinSqlite", "XamarinSqlite\XamarinSqlite\XamarinSqlite.csproj", "{89E53DD8-52FC-46B2-BEFC-B61288625244}"
EndProject
Global
	GlobalSection(SolutionConfigurationPlatforms) = preSolution
		Debug|Any CPU = Debug|Any CPU
		Release|Any CPU = Release|Any CPU
	EndGlobalSection
	GlobalSection(ProjectConfigurationPlatforms) = postSolution
		{8ED641A7-F396-4295-B9BF-5AF3A676534C}.Debug|Any CPU.ActiveCfg = Debug|Any CPU
		{8ED641A7-F396-4295-B9BF-5AF3A676534C}.Debug|Any CPU.Build.0 = Debug|Any CPU
		{8ED641A7-F396-4295-B9BF-5AF3A676534C}.Debug|Any CPU.Deploy.0 = Debug|Any CPU
		{8ED641A7-F396-4295-B9BF-5AF3A676534C}.Release|Any CPU.ActiveCfg = Release|Any CPU
		{8ED641A7-F396-4295-B9BF-5AF3A676534C}.Release|Any CPU.Build.0 = Release|Any CPU
		{8ED641A7-F396-4295-B9BF-5AF3A676534C}.Release|Any CPU.Deploy.0 = Release|Any CPU
		{89E53DD8-52FC-46B2-BEFC-B61288625244}.Debug|Any CPU.ActiveCfg = Debug|Any CPU
		{89E53DD8-52FC-46B2-BEFC-B61288625244}.Debug|Any CPU.Build.0 = Debug|Any CPU
		{89E53DD8-52FC-46B2-BEFC-B61288625244}.Debug|Any CPU.Deploy.0 = Debug|Any CPU
		{89E53DD8-52FC-46B2-BEFC-B61288625244}.Release|Any CPU.ActiveCfg = Release|Any CPU
		{89E53DD8-52FC-46B2-BEFC-B61288625244}.Release|Any CPU.Build.0 = Release|Any CPU
		{89E53DD8-52FC-46B2-BEFC-B61288625244}.Release|Any CPU.Deploy.0 = Release|Any CPU
	EndGlobalSection
	GlobalSection(SolutionProperties) = preSolution
		HideSolutionNode = FALSE
	EndGlobalSection
	GlobalSection(ExtensibilityGlobals) = postSolution
		SolutionGuid = {70D5AE62-1467-439D-B209-76978FE9DD5A}
	EndGlobalSection
EndGlobal
